<?xml version="1.0" encoding="utf-8"?>
<Project ToolsVersion="4.0" xmlns="http://schemas.microsoft.com/developer/msbuild/2003">
  <ItemGroup>
    <ClCompile Include="Application.cpp" />
    <ClCompile Include="BossEntity.cpp" />
    <ClCompile Include="Button.cpp" />
    <ClCompile Include="ChestEntity.cpp" />
    <ClCompile Include="ConsumableEntity.cpp" />
    <ClCompile Include="DynamicEntity.cpp" />
    <ClCompile Include="EnemyEntity.cpp" />
    <ClCompile Include="Enemy_Footman.cpp" />
    <ClCompile Include="Entity.cpp" />
    <ClCompile Include="Color.cpp" />
    <ClCompile Include="Console.cpp" />
    <ClCompile Include="Fonts.cpp" />
    <ClCompile Include="FileSystem.cpp" />
    <ClCompile Include="InputBox.cpp" />
    <ClCompile Include="Slider.cpp" />
    <ClCompile Include="ModuleMapGenerator.cpp" />
    <ClCompile Include="ModuleColliders.cpp" />
    <ClCompile Include="Pathfinding.cpp" />
    <ClCompile Include="Timer.cpp" />
    <ClCompile Include="Label.cpp" />
    <ClCompile Include="ModuleAudio.cpp" />
    <ClCompile Include="ModuleEntitySystem.cpp" />
    <ClCompile Include="ModuleGUI.cpp" />
    <ClCompile Include="ModuleInput.cpp" />
    <ClCompile Include="Main.cpp" />
    <ClCompile Include="Log.cpp" />
    <ClCompile Include="ModuleRender.cpp" />
    <ClCompile Include="ModuleTextures.cpp" />
    <ClCompile Include="ModuleWindow.cpp" />
    <ClCompile Include="PlayerEntity.cpp" />
    <ClCompile Include="PugiXml\src\pugixml.cpp" />
    <ClCompile Include="Scene.cpp" />
    <ClCompile Include="StaticEntity.cpp" />
    <ClCompile Include="Thrall.cpp" />
    <ClCompile Include="GUIElem.cpp" />
<<<<<<< HEAD
    <ClCompile Include="Item.cpp">
      <Filter>Items</Filter>
    </ClCompile>
    <ClCompile Include="PortalEntity.cpp" />
    <ClCompile Include="GUIWindow.cpp">
      <Filter>GUI</Filter>
    </ClCompile>
=======
    <ClCompile Include="GUIWindow.cpp" />
>>>>>>> origin/2nEnemy+EnemiesPolish_&_PathPolish
  </ItemGroup>
  <ItemGroup>
    <ClInclude Include="Animation.h" />
    <ClInclude Include="Application.h" />
    <ClInclude Include="BossEntity.h" />
    <ClInclude Include="Button.h" />
    <ClInclude Include="ChestEntity.h" />
    <ClInclude Include="ConsumableEntity.h" />
    <ClInclude Include="DynamicEntity.h" />
    <ClInclude Include="EnemyEntity.h" />
    <ClInclude Include="Enemy_Footman.h" />
    <ClInclude Include="EntitiesEnums.h" />
    <ClInclude Include="Entity.h" />
    <ClInclude Include="Console.h" />
    <ClInclude Include="Globals.h" />
    <ClInclude Include="Fonts.h" />
    <ClInclude Include="FileSystem.h" />
    <ClInclude Include="GUIElem.h" />
    <ClInclude Include="InputBox.h" />
    <ClInclude Include="Slider.h" />
    <ClInclude Include="ModuleMapGenerator.h" />
    <ClInclude Include="ModuleColliders.h" />
    <ClInclude Include="Pathfinding.h" />
    <ClInclude Include="Timer.h" />
    <ClInclude Include="Label.h" />
    <ClInclude Include="ModuleAudio.h" />
    <ClInclude Include="ModuleEntitySystem.h" />
    <ClInclude Include="ModuleGUI.h" />
    <ClInclude Include="ModuleInput.h" />
    <ClInclude Include="Module.h" />
    <ClInclude Include="p2Defs.h" />
    <ClInclude Include="Log.h" />
    <ClInclude Include="p2Point.h" />
    <ClInclude Include="ModuleRender.h" />
    <ClInclude Include="ModuleTextures.h" />
    <ClInclude Include="ModuleWindow.h" />
    <ClInclude Include="PlayerEntity.h" />
    <ClInclude Include="PugiXml\src\pugiconfig.hpp" />
    <ClInclude Include="PugiXml\src\pugixml.hpp" />
    <ClInclude Include="Scene.h" />
    <ClInclude Include="StaticEntity.h" />
    <ClInclude Include="Thrall.h" />
    <ClInclude Include="Item.h">
      <Filter>Items</Filter>
    </ClInclude>
    <ClInclude Include="PortalEntity.h" />
    <ClInclude Include="GUIWindow.h">
      <Filter>GUI</Filter>
    </ClInclude>
  </ItemGroup>
  <ItemGroup>
    <Xml Include="..\Game\config.xml" />

    <ClInclude Include="GUIWindow.h" />
  </ItemGroup>
  <ItemGroup>
    <Filter Include="Items">
      <UniqueIdentifier>{05944e24-550c-4b68-8f81-161596d05580}</UniqueIdentifier>
    </Filter>
  </ItemGroup>
</Project>
