
Microsoft Visual Studio Solution File, Format Version 12.00
# Visual Studio 15
VisualStudioVersion = 15.0.26430.16
MinimumVisualStudioVersion = 10.0.40219.1
Project("{8BC9CEB8-8B4A-11D0-8D11-00A0C91BC942}") = "Warcraft Heroes Beyond Time", "Warcraft Heroes Beyond Time\Warcraft Heroes Beyond Time.vcxproj", "{2781B1EC-1D8B-4816-86D8-8A9200ECBEFC}"
EndProject
Global
	GlobalSection(SolutionConfigurationPlatforms) = preSolution
		Debug|x64 = Debug|x64
		Debug|x86 = Debug|x86
		Release|x64 = Release|x64
		Release|x86 = Release|x86
	EndGlobalSection
	GlobalSection(ProjectConfigurationPlatforms) = postSolution
		{2781B1EC-1D8B-4816-86D8-8A9200ECBEFC}.Debug|x64.ActiveCfg = Debug|x86
		{2781B1EC-1D8B-4816-86D8-8A9200ECBEFC}.Debug|x86.ActiveCfg = Debug|Win32
		{2781B1EC-1D8B-4816-86D8-8A9200ECBEFC}.Debug|x86.Build.0 = Debug|Win32
		{2781B1EC-1D8B-4816-86D8-8A9200ECBEFC}.Release|x64.ActiveCfg = Release|x86
		{2781B1EC-1D8B-4816-86D8-8A9200ECBEFC}.Release|x86.ActiveCfg = Release|Win32
		{2781B1EC-1D8B-4816-86D8-8A9200ECBEFC}.Release|x86.Build.0 = Release|Win32
	EndGlobalSection
	GlobalSection(SolutionProperties) = preSolution
		HideSolutionNode = FALSE
	EndGlobalSection
	GlobalSection(ExtensibilityGlobals) = postSolution
		SolutionGuid = {61AA625B-E64B-4D46-9D90-3338181B4874}
	EndGlobalSection
EndGlobal
