<?xml version="1.0" encoding="utf-8"?>
<Project ToolsVersion="4.0" xmlns="http://schemas.microsoft.com/developer/msbuild/2003">
  <ItemGroup>
    <ClCompile Include="App.cpp">
      <Filter>Core</Filter>
    </ClCompile>
    <ClCompile Include="FileSystem.cpp">
      <Filter>BasicModules</Filter>
    </ClCompile>
    <ClCompile Include="Fonts.cpp">
      <Filter>BasicModules</Filter>
    </ClCompile>
    <ClCompile Include="Log.cpp">
      <Filter>AuxiliarHelpers</Filter>
    </ClCompile>
    <ClCompile Include="Main.cpp">
      <Filter>Core</Filter>
    </ClCompile>
    <ClCompile Include="ModuleInput.cpp">
      <Filter>BasicModules</Filter>
    </ClCompile>
    <ClCompile Include="ModuleRender.cpp">
      <Filter>BasicModules</Filter>
    </ClCompile>
    <ClCompile Include="ModuleTextures.cpp">
      <Filter>BasicModules</Filter>
    </ClCompile>
    <ClCompile Include="ModuleWindow.cpp">
      <Filter>BasicModules</Filter>
    </ClCompile>
    <ClCompile Include="PugiXml\src\pugixml.cpp">
      <Filter>External Code</Filter>
    </ClCompile>
    <ClCompile Include="ModuleGUI.cpp">
      <Filter>GUI</Filter>
    </ClCompile>
    <ClCompile Include="ModuleEntitySystem.cpp">
      <Filter>EntitySystem</Filter>
    </ClCompile>
    <ClCompile Include="Player_Entity.cpp">
      <Filter>EntitySystem\Entity\Dinamic Entities\Player</Filter>
    </ClCompile>
    <ClCompile Include="Entity.cpp">
      <Filter>EntitySystem\Entity</Filter>
    </ClCompile>
    <ClCompile Include="Boss_Entity.cpp">
      <Filter>EntitySystem\Entity\Dinamic Entities\Boss</Filter>
    </ClCompile>
    <ClCompile Include="Enemy_Entiy.cpp">
      <Filter>EntitySystem\Entity\Dinamic Entities\Enemies</Filter>
    </ClCompile>
    <ClCompile Include="Chest_Entity.cpp">
      <Filter>EntitySystem\Entity\Static Entities\Chest</Filter>
    </ClCompile>
    <ClCompile Include="Consumable_Entity.cpp">
      <Filter>EntitySystem\Entity\Static Entities\Consumable</Filter>
    </ClCompile>
    <ClCompile Include="StaticObject_Entity.cpp">
      <Filter>EntitySystem\Entity\Static Entities\StaticObject</Filter>
    </ClCompile>
  </ItemGroup>
  <ItemGroup>
    <ClInclude Include="Animation.h">
      <Filter>BasicModules</Filter>
    </ClInclude>
    <ClInclude Include="App.h">
      <Filter>Core</Filter>
    </ClInclude>
    <ClInclude Include="FileSystem.h">
      <Filter>BasicModules</Filter>
    </ClInclude>
    <ClInclude Include="Fonts.h">
      <Filter>BasicModules</Filter>
    </ClInclude>
    <ClInclude Include="Globals.h">
      <Filter>AuxiliarHelpers</Filter>
    </ClInclude>
    <ClInclude Include="Log.h">
      <Filter>AuxiliarHelpers</Filter>
    </ClInclude>
    <ClInclude Include="Module.h">
      <Filter>BasicModules</Filter>
    </ClInclude>
    <ClInclude Include="ModuleInput.h">
      <Filter>BasicModules</Filter>
    </ClInclude>
    <ClInclude Include="ModuleRender.h">
      <Filter>BasicModules</Filter>
    </ClInclude>
    <ClInclude Include="ModuleTextures.h">
      <Filter>BasicModules</Filter>
    </ClInclude>
    <ClInclude Include="ModuleWindow.h">
      <Filter>BasicModules</Filter>
    </ClInclude>
    <ClInclude Include="PugiXml\src\pugixml.hpp">
      <Filter>External Code</Filter>
    </ClInclude>
    <ClInclude Include="PugiXml\src\pugiconfig.hpp">
      <Filter>External Code</Filter>
    </ClInclude>
    <ClInclude Include="p2Point.h">
      <Filter>AuxiliarHelpers</Filter>
    </ClInclude>
    <ClInclude Include="p2Defs.h">
      <Filter>AuxiliarHelpers</Filter>
    </ClInclude>
    <ClInclude Include="ModuleGUI.h">
      <Filter>GUI</Filter>
    </ClInclude>
    <ClInclude Include="ModuleEntitySystem.h">
      <Filter>EntitySystem</Filter>
    </ClInclude>
    <ClInclude Include="Player_Entity.h">
      <Filter>EntitySystem\Entity\Dinamic Entities\Player</Filter>
    </ClInclude>
    <ClInclude Include="Entity.h">
      <Filter>EntitySystem\Entity</Filter>
    </ClInclude>
    <ClInclude Include="EntitiesEnums.h">
      <Filter>EntitySystem\Entity</Filter>
    </ClInclude>
    <ClInclude Include="Boss_Entity.h">
      <Filter>EntitySystem\Entity\Dinamic Entities\Boss</Filter>
    </ClInclude>
    <ClInclude Include="Enemy_Entity.h">
      <Filter>EntitySystem\Entity\Dinamic Entities\Enemies</Filter>
    </ClInclude>
    <ClInclude Include="Chest_Entity.h">
      <Filter>EntitySystem\Entity\Static Entities\Chest</Filter>
    </ClInclude>
    <ClInclude Include="Consumable_Entity.h">
      <Filter>EntitySystem\Entity\Static Entities\Consumable</Filter>
    </ClInclude>
    <ClInclude Include="StaticObject_Entity.h">
      <Filter>EntitySystem\Entity\Static Entities\StaticObject</Filter>
    </ClInclude>
  </ItemGroup>
  <ItemGroup>
    <Filter Include="BasicModules">
      <UniqueIdentifier>{cea393e5-7cb0-454d-b1a0-57842410c713}</UniqueIdentifier>
    </Filter>
    <Filter Include="AuxiliarHelpers">
      <UniqueIdentifier>{cbef1bfa-dbc0-4e0e-8d08-b61b46551449}</UniqueIdentifier>
    </Filter>
    <Filter Include="Core">
      <UniqueIdentifier>{ce2d2989-b239-43fa-8769-563cb4af6259}</UniqueIdentifier>
    </Filter>
    <Filter Include="External Code">
      <UniqueIdentifier>{46f2c179-163e-463f-89f7-fc1cefe3edd8}</UniqueIdentifier>
    </Filter>
    <Filter Include="GUI">
      <UniqueIdentifier>{4bfaa8ba-1caf-4356-8fb5-820ae5275069}</UniqueIdentifier>
    </Filter>
    <Filter Include="EntitySystem">
      <UniqueIdentifier>{510ed7be-0d6a-4ae0-8fc9-29a85af0f5cb}</UniqueIdentifier>
    </Filter>
    <Filter Include="EntitySystem\Entity">
      <UniqueIdentifier>{791a5e9e-c547-4e1f-aee7-35c6e0fdaa9d}</UniqueIdentifier>
    </Filter>
    <Filter Include="EntitySystem\Entity\Dinamic Entities">
      <UniqueIdentifier>{e7237daa-ecaf-446b-8f57-ec0d73743d64}</UniqueIdentifier>
    </Filter>
    <Filter Include="EntitySystem\Entity\Dinamic Entities\Player">
      <UniqueIdentifier>{528c49f1-892b-4324-a961-fb4eaa0bafe9}</UniqueIdentifier>
    </Filter>
    <Filter Include="EntitySystem\Entity\Dinamic Entities\Enemies">
      <UniqueIdentifier>{fa2b5aa4-a8ab-4d40-8851-a34a2dd4962a}</UniqueIdentifier>
    </Filter>
    <Filter Include="EntitySystem\Entity\Dinamic Entities\Boss">
      <UniqueIdentifier>{9138b015-38e6-4579-b004-907cc9bb2569}</UniqueIdentifier>
    </Filter>
    <Filter Include="EntitySystem\Entity\Static Entities">
      <UniqueIdentifier>{5820d6d7-6333-4a1a-88ee-7fddf71bec3b}</UniqueIdentifier>
    </Filter>
    <Filter Include="EntitySystem\Entity\Static Entities\Consumable">
      <UniqueIdentifier>{b40cfa95-dbee-4b00-9e47-da318d5d5779}</UniqueIdentifier>
    </Filter>
    <Filter Include="EntitySystem\Entity\Static Entities\Chest">
      <UniqueIdentifier>{fa4a7c44-b070-4ff4-9c44-1b1bcaad75e8}</UniqueIdentifier>
    </Filter>
    <Filter Include="EntitySystem\Entity\Static Entities\StaticObject">
      <UniqueIdentifier>{ce9fcb22-0830-4ae2-8616-ba6c77933d80}</UniqueIdentifier>
    </Filter>
  </ItemGroup>
</Project>