<?xml version="1.0" encoding="utf-8"?>
<Project ToolsVersion="4.0" xmlns="http://schemas.microsoft.com/developer/msbuild/2003">
  <ItemGroup>
    <Filter Include="Archivos de código fuente">
      <UniqueIdentifier>{4FC737F1-C7A5-4376-A066-2A32D752A2FF}</UniqueIdentifier>
      <Extensions>cpp;c;cc;cxx;def;odl;idl;hpj;bat;asm;asmx</Extensions>
    </Filter>
    <Filter Include="Archivos de encabezado">
      <UniqueIdentifier>{93995380-89BD-4b04-88EB-625FBE52EBFB}</UniqueIdentifier>
      <Extensions>h;hh;hpp;hxx;hm;inl;inc;xsd</Extensions>
    </Filter>
    <Filter Include="Archivos de recursos">
      <UniqueIdentifier>{67DA6AB6-F800-4c08-8B7A-83BB121AAD01}</UniqueIdentifier>
      <Extensions>rc;ico;cur;bmp;dlg;rc2;rct;bin;rgs;gif;jpg;jpeg;jpe;resx;tiff;tif;png;wav;mfcribbon-ms</Extensions>
    </Filter>
  </ItemGroup>
  <ItemGroup>
    <ClCompile Include="Main.cpp">
      <Filter>Archivos de recursos</Filter>
    </ClCompile>
    <ClCompile Include="Core.cpp">
      <Filter>Archivos de recursos</Filter>
    </ClCompile>
    <ClCompile Include="p2Log.cpp">
      <Filter>Archivos de recursos</Filter>
    </ClCompile>
    <ClCompile Include="Window.cpp">
      <Filter>Archivos de recursos</Filter>
    </ClCompile>
    <ClCompile Include="Render.cpp">
      <Filter>Archivos de recursos</Filter>
    </ClCompile>
    <ClCompile Include="Textures.cpp">
      <Filter>Archivos de recursos</Filter>
    </ClCompile>
    <ClCompile Include="Input.cpp">
      <Filter>Archivos de recursos</Filter>
    </ClCompile>
  </ItemGroup>
  <ItemGroup>
    <ClInclude Include="Module.h">
      <Filter>Archivos de recursos</Filter>
    </ClInclude>
    <ClInclude Include="Core.h">
      <Filter>Archivos de recursos</Filter>
    </ClInclude>
    <ClInclude Include="Animation.h">
      <Filter>Archivos de recursos</Filter>
    </ClInclude>
    <ClInclude Include="p2Defs.h">
      <Filter>Archivos de recursos</Filter>
    </ClInclude>
    <ClInclude Include="Window.h">
      <Filter>Archivos de recursos</Filter>
    </ClInclude>
    <ClInclude Include="p2Log.h">
      <Filter>Archivos de recursos</Filter>
    </ClInclude>
    <ClInclude Include="p2SString.h">
      <Filter>Archivos de recursos</Filter>
    </ClInclude>
    <ClInclude Include="p2List.h">
      <Filter>Archivos de recursos</Filter>
    </ClInclude>
    <ClInclude Include="p2Point.h">
      <Filter>Archivos de recursos</Filter>
    </ClInclude>
    <ClInclude Include="Render.h">
      <Filter>Archivos de recursos</Filter>
    </ClInclude>
    <ClInclude Include="Textures.h">
      <Filter>Archivos de recursos</Filter>
    </ClInclude>
    <ClInclude Include="Input.h">
      <Filter>Archivos de recursos</Filter>
    </ClInclude>
  </ItemGroup>
</Project>